// !$*UTF8*$!
{
	archiveVersion = 1;
	classes = {
	};
	objectVersion = 50;
	objects = {

/* Begin PBXBuildFile section */
		6EFBD7AD26EC95C700D04756 /* AppDelegate.swift in Sources */ = {isa = PBXBuildFile; fileRef = 6EFBD7AC26EC95C700D04756 /* AppDelegate.swift */; };
		6EFBD7AF26EC95C700D04756 /* SceneDelegate.swift in Sources */ = {isa = PBXBuildFile; fileRef = 6EFBD7AE26EC95C700D04756 /* SceneDelegate.swift */; };
		6EFBD7B126EC95C700D04756 /* MainViewController.swift in Sources */ = {isa = PBXBuildFile; fileRef = 6EFBD7B026EC95C700D04756 /* MainViewController.swift */; };
		6EFBD7B426EC95C700D04756 /* Main.storyboard in Resources */ = {isa = PBXBuildFile; fileRef = 6EFBD7B226EC95C700D04756 /* Main.storyboard */; };
		6EFBD7B626EC95C800D04756 /* Assets.xcassets in Resources */ = {isa = PBXBuildFile; fileRef = 6EFBD7B526EC95C800D04756 /* Assets.xcassets */; };
		6EFBD7B926EC95C800D04756 /* LaunchScreen.storyboard in Resources */ = {isa = PBXBuildFile; fileRef = 6EFBD7B726EC95C800D04756 /* LaunchScreen.storyboard */; };
		6EFBDAC126EF820200D04756 /* Result.storyboard in Resources */ = {isa = PBXBuildFile; fileRef = 6EFBDABF26EF820200D04756 /* Result.storyboard */; };
		6EFBDAC826F2219300D04756 /* SettingsViewController.swift in Sources */ = {isa = PBXBuildFile; fileRef = 6EFBDAC726F2219300D04756 /* SettingsViewController.swift */; };
		6EFBDACB26F2290700D04756 /* Settings.storyboard in Resources */ = {isa = PBXBuildFile; fileRef = 6EFBDAC926F2290700D04756 /* Settings.storyboard */; };
		882D775F26EFCF0C004D8685 /* DataManager.swift in Sources */ = {isa = PBXBuildFile; fileRef = 882D775E26EFCF0C004D8685 /* DataManager.swift */; };
		882D776126EFCF39004D8685 /* City.swift in Sources */ = {isa = PBXBuildFile; fileRef = 882D776026EFCF39004D8685 /* City.swift */; };
		8838E4BF26F2856B00FFFEA7 /* ResultTableViewController.swift in Sources */ = {isa = PBXBuildFile; fileRef = 8838E4BE26F2856B00FFFEA7 /* ResultTableViewController.swift */; };
		9C16986B26F12A820024CBF1 /* TabBarViewController.swift in Sources */ = {isa = PBXBuildFile; fileRef = 9C16986A26F12A820024CBF1 /* TabBarViewController.swift */; };
		9CFFB35326F27A5A0091F7FF /* Settings.swift in Sources */ = {isa = PBXBuildFile; fileRef = 9CFFB35226F27A5A0091F7FF /* Settings.swift */; };
		9CFFEF5B26EFD9D5000E839F /* AboutAppViewController.swift in Sources */ = {isa = PBXBuildFile; fileRef = 9CFFEF5926EFD9D5000E839F /* AboutAppViewController.swift */; };
		9CFFEF5C26EFD9D5000E839F /* DeveloperDetailViewController.swift in Sources */ = {isa = PBXBuildFile; fileRef = 9CFFEF5A26EFD9D5000E839F /* DeveloperDetailViewController.swift */; };
		9CFFEF6026EFDB68000E839F /* Developer.swift in Sources */ = {isa = PBXBuildFile; fileRef = 9CFFEF5F26EFDB68000E839F /* Developer.swift */; };
		9CFFEF6226EFDBBC000E839F /* DataDeveloper.swift in Sources */ = {isa = PBXBuildFile; fileRef = 9CFFEF6126EFDBBC000E839F /* DataDeveloper.swift */; };
		9CFFEF6626EFE022000E839F /* AboutApp.storyboard in Resources */ = {isa = PBXBuildFile; fileRef = 9CFFEF6526EFE022000E839F /* AboutApp.storyboard */; };
/* End PBXBuildFile section */

/* Begin PBXFileReference section */
		6EFBD7A926EC95C700D04756 /* GuessCityApp.app */ = {isa = PBXFileReference; explicitFileType = wrapper.application; includeInIndex = 0; path = GuessCityApp.app; sourceTree = BUILT_PRODUCTS_DIR; };
		6EFBD7AC26EC95C700D04756 /* AppDelegate.swift */ = {isa = PBXFileReference; lastKnownFileType = sourcecode.swift; path = AppDelegate.swift; sourceTree = "<group>"; };
		6EFBD7AE26EC95C700D04756 /* SceneDelegate.swift */ = {isa = PBXFileReference; lastKnownFileType = sourcecode.swift; path = SceneDelegate.swift; sourceTree = "<group>"; };
		6EFBD7B026EC95C700D04756 /* MainViewController.swift */ = {isa = PBXFileReference; lastKnownFileType = sourcecode.swift; path = MainViewController.swift; sourceTree = "<group>"; };
		6EFBD7B326EC95C700D04756 /* Base */ = {isa = PBXFileReference; lastKnownFileType = file.storyboard; name = Base; path = Base.lproj/Main.storyboard; sourceTree = "<group>"; };
		6EFBD7B526EC95C800D04756 /* Assets.xcassets */ = {isa = PBXFileReference; lastKnownFileType = folder.assetcatalog; path = Assets.xcassets; sourceTree = "<group>"; };
		6EFBD7B826EC95C800D04756 /* Base */ = {isa = PBXFileReference; lastKnownFileType = file.storyboard; name = Base; path = Base.lproj/LaunchScreen.storyboard; sourceTree = "<group>"; };
		6EFBD7BA26EC95C800D04756 /* Info.plist */ = {isa = PBXFileReference; lastKnownFileType = text.plist.xml; path = Info.plist; sourceTree = "<group>"; };
		6EFBDAC026EF820200D04756 /* Base */ = {isa = PBXFileReference; lastKnownFileType = file.storyboard; name = Base; path = GuessCityApp/Storyboards/Base.lproj/Result.storyboard; sourceTree = "<group>"; };
		6EFBDAC726F2219300D04756 /* SettingsViewController.swift */ = {isa = PBXFileReference; lastKnownFileType = sourcecode.swift; path = SettingsViewController.swift; sourceTree = "<group>"; };
		6EFBDACA26F2290700D04756 /* Base */ = {isa = PBXFileReference; lastKnownFileType = file.storyboard; name = Base; path = GuessCityApp/Storyboards/Base.lproj/Settings.storyboard; sourceTree = "<group>"; };
		882D775E26EFCF0C004D8685 /* DataManager.swift */ = {isa = PBXFileReference; lastKnownFileType = sourcecode.swift; path = DataManager.swift; sourceTree = "<group>"; };
		882D776026EFCF39004D8685 /* City.swift */ = {isa = PBXFileReference; lastKnownFileType = sourcecode.swift; path = City.swift; sourceTree = "<group>"; };
		8838E4BE26F2856B00FFFEA7 /* ResultTableViewController.swift */ = {isa = PBXFileReference; lastKnownFileType = sourcecode.swift; path = ResultTableViewController.swift; sourceTree = "<group>"; };
		9C16986A26F12A820024CBF1 /* TabBarViewController.swift */ = {isa = PBXFileReference; lastKnownFileType = sourcecode.swift; path = TabBarViewController.swift; sourceTree = "<group>"; };
		9CFFB35226F27A5A0091F7FF /* Settings.swift */ = {isa = PBXFileReference; lastKnownFileType = sourcecode.swift; name = Settings.swift; path = ../ViewControllers/Settings.swift; sourceTree = "<group>"; };
		9CFFEF5926EFD9D5000E839F /* AboutAppViewController.swift */ = {isa = PBXFileReference; fileEncoding = 4; lastKnownFileType = sourcecode.swift; path = AboutAppViewController.swift; sourceTree = "<group>"; };
		9CFFEF5A26EFD9D5000E839F /* DeveloperDetailViewController.swift */ = {isa = PBXFileReference; fileEncoding = 4; lastKnownFileType = sourcecode.swift; path = DeveloperDetailViewController.swift; sourceTree = "<group>"; };
		9CFFEF5F26EFDB68000E839F /* Developer.swift */ = {isa = PBXFileReference; fileEncoding = 4; lastKnownFileType = sourcecode.swift; path = Developer.swift; sourceTree = "<group>"; };
		9CFFEF6126EFDBBC000E839F /* DataDeveloper.swift */ = {isa = PBXFileReference; fileEncoding = 4; lastKnownFileType = sourcecode.swift; path = DataDeveloper.swift; sourceTree = "<group>"; };
		9CFFEF6526EFE022000E839F /* AboutApp.storyboard */ = {isa = PBXFileReference; fileEncoding = 4; lastKnownFileType = file.storyboard; name = AboutApp.storyboard; path = ../AboutApp.storyboard; sourceTree = "<group>"; };
/* End PBXFileReference section */

/* Begin PBXFrameworksBuildPhase section */
		6EFBD7A626EC95C700D04756 /* Frameworks */ = {
			isa = PBXFrameworksBuildPhase;
			buildActionMask = 2147483647;
			files = (
			);
			runOnlyForDeploymentPostprocessing = 0;
		};
/* End PBXFrameworksBuildPhase section */

/* Begin PBXGroup section */
		6EFBD7A026EC95C700D04756 = {
			isa = PBXGroup;
			children = (
				6EFBD7AB26EC95C700D04756 /* GuessCityApp */,
				6EFBD7AA26EC95C700D04756 /* Products */,
			);
			sourceTree = "<group>";
		};
		6EFBD7AA26EC95C700D04756 /* Products */ = {
			isa = PBXGroup;
			children = (
				6EFBD7A926EC95C700D04756 /* GuessCityApp.app */,
			);
			name = Products;
			sourceTree = "<group>";
		};
		6EFBD7AB26EC95C700D04756 /* GuessCityApp */ = {
			isa = PBXGroup;
			children = (
				6EFBD7C126EC978400D04756 /* Storyboards */,
				6EFBD7C226EC978F00D04756 /* ViewControllers */,
				882D775B26EFBC78004D8685 /* Services */,
				882D775826EFBC2E004D8685 /* Models */,
				6EFBD7C326EC97A300D04756 /* App */,
				6EFBD7C026EC977500D04756 /* Recourses */,
			);
			path = GuessCityApp;
			sourceTree = "<group>";
		};
		6EFBD7C026EC977500D04756 /* Recourses */ = {
			isa = PBXGroup;
			children = (
				6EFBD7B526EC95C800D04756 /* Assets.xcassets */,
			);
			path = Recourses;
			sourceTree = "<group>";
		};
		6EFBD7C126EC978400D04756 /* Storyboards */ = {
			isa = PBXGroup;
			children = (
				6EFBDAC926F2290700D04756 /* Settings.storyboard */,
				6EFBD7B226EC95C700D04756 /* Main.storyboard */,
				6EFBDABF26EF820200D04756 /* Result.storyboard */,
				9CFFEF6526EFE022000E839F /* AboutApp.storyboard */,
				6EFBD7B726EC95C800D04756 /* LaunchScreen.storyboard */,
			);
			path = Storyboards;
			sourceTree = "<group>";
		};
		6EFBD7C226EC978F00D04756 /* ViewControllers */ = {
			isa = PBXGroup;
			children = (
				6EFBD7B026EC95C700D04756 /* MainViewController.swift */,
				9CFFEF5926EFD9D5000E839F /* AboutAppViewController.swift */,
				9C16986A26F12A820024CBF1 /* TabBarViewController.swift */,
				9CFFEF5A26EFD9D5000E839F /* DeveloperDetailViewController.swift */,
				6EFBDAC726F2219300D04756 /* SettingsViewController.swift */,
				8838E4BE26F2856B00FFFEA7 /* ResultTableViewController.swift */,
			);
			path = ViewControllers;
			sourceTree = "<group>";
		};
		6EFBD7C326EC97A300D04756 /* App */ = {
			isa = PBXGroup;
			children = (
				6EFBD7AC26EC95C700D04756 /* AppDelegate.swift */,
				6EFBD7AE26EC95C700D04756 /* SceneDelegate.swift */,
				6EFBD7BA26EC95C800D04756 /* Info.plist */,
			);
			path = App;
			sourceTree = "<group>";
		};
		882D775826EFBC2E004D8685 /* Models */ = {
			isa = PBXGroup;
			children = (
				9CFFB35226F27A5A0091F7FF /* Settings.swift */,
				9CFFEF5F26EFDB68000E839F /* Developer.swift */,
				882D776026EFCF39004D8685 /* City.swift */,
			);
			path = Models;
			sourceTree = "<group>";
		};
		882D775B26EFBC78004D8685 /* Services */ = {
			isa = PBXGroup;
			children = (
				882D775E26EFCF0C004D8685 /* DataManager.swift */,
				9CFFEF6126EFDBBC000E839F /* DataDeveloper.swift */,
			);
			path = Services;
			sourceTree = "<group>";
		};
/* End PBXGroup section */

/* Begin PBXNativeTarget section */
		6EFBD7A826EC95C700D04756 /* GuessCityApp */ = {
			isa = PBXNativeTarget;
			buildConfigurationList = 6EFBD7BD26EC95C800D04756 /* Build configuration list for PBXNativeTarget "GuessCityApp" */;
			buildPhases = (
				6EFBD7A526EC95C700D04756 /* Sources */,
				6EFBD7A626EC95C700D04756 /* Frameworks */,
				6EFBD7A726EC95C700D04756 /* Resources */,
			);
			buildRules = (
			);
			dependencies = (
			);
			name = GuessCityApp;
			productName = GuessCityApp;
			productReference = 6EFBD7A926EC95C700D04756 /* GuessCityApp.app */;
			productType = "com.apple.product-type.application";
		};
/* End PBXNativeTarget section */

/* Begin PBXProject section */
		6EFBD7A126EC95C700D04756 /* Project object */ = {
			isa = PBXProject;
			attributes = {
				LastSwiftUpdateCheck = 1250;
				LastUpgradeCheck = 1250;
				TargetAttributes = {
					6EFBD7A826EC95C700D04756 = {
						CreatedOnToolsVersion = 12.5.1;
					};
				};
			};
			buildConfigurationList = 6EFBD7A426EC95C700D04756 /* Build configuration list for PBXProject "GuessCityApp" */;
			compatibilityVersion = "Xcode 9.3";
			developmentRegion = en;
			hasScannedForEncodings = 0;
			knownRegions = (
				en,
				Base,
			);
			mainGroup = 6EFBD7A026EC95C700D04756;
			productRefGroup = 6EFBD7AA26EC95C700D04756 /* Products */;
			projectDirPath = "";
			projectRoot = "";
			targets = (
				6EFBD7A826EC95C700D04756 /* GuessCityApp */,
			);
		};
/* End PBXProject section */

/* Begin PBXResourcesBuildPhase section */
		6EFBD7A726EC95C700D04756 /* Resources */ = {
			isa = PBXResourcesBuildPhase;
			buildActionMask = 2147483647;
			files = (
				6EFBD7B926EC95C800D04756 /* LaunchScreen.storyboard in Resources */,
				6EFBD7B626EC95C800D04756 /* Assets.xcassets in Resources */,
				6EFBD7B426EC95C700D04756 /* Main.storyboard in Resources */,
				6EFBDACB26F2290700D04756 /* Settings.storyboard in Resources */,
				9CFFEF6626EFE022000E839F /* AboutApp.storyboard in Resources */,
				6EFBDAC126EF820200D04756 /* Result.storyboard in Resources */,
			);
			runOnlyForDeploymentPostprocessing = 0;
		};
/* End PBXResourcesBuildPhase section */

/* Begin PBXSourcesBuildPhase section */
		6EFBD7A526EC95C700D04756 /* Sources */ = {
			isa = PBXSourcesBuildPhase;
			buildActionMask = 2147483647;
			files = (
				9CFFEF5C26EFD9D5000E839F /* DeveloperDetailViewController.swift in Sources */,
				6EFBD7B126EC95C700D04756 /* MainViewController.swift in Sources */,
				9CFFB35326F27A5A0091F7FF /* Settings.swift in Sources */,
				8838E4BF26F2856B00FFFEA7 /* ResultTableViewController.swift in Sources */,
				6EFBDAC826F2219300D04756 /* SettingsViewController.swift in Sources */,
				882D775F26EFCF0C004D8685 /* DataManager.swift in Sources */,
				9CFFEF5B26EFD9D5000E839F /* AboutAppViewController.swift in Sources */,
				9CFFEF6026EFDB68000E839F /* Developer.swift in Sources */,
				882D776126EFCF39004D8685 /* City.swift in Sources */,
				6EFBD7AD26EC95C700D04756 /* AppDelegate.swift in Sources */,
				9CFFEF6226EFDBBC000E839F /* DataDeveloper.swift in Sources */,
				9C16986B26F12A820024CBF1 /* TabBarViewController.swift in Sources */,
				6EFBD7AF26EC95C700D04756 /* SceneDelegate.swift in Sources */,
			);
			runOnlyForDeploymentPostprocessing = 0;
		};
/* End PBXSourcesBuildPhase section */

/* Begin PBXVariantGroup section */
		6EFBD7B226EC95C700D04756 /* Main.storyboard */ = {
			isa = PBXVariantGroup;
			children = (
				6EFBD7B326EC95C700D04756 /* Base */,
			);
			name = Main.storyboard;
			sourceTree = "<group>";
		};
		6EFBD7B726EC95C800D04756 /* LaunchScreen.storyboard */ = {
			isa = PBXVariantGroup;
			children = (
				6EFBD7B826EC95C800D04756 /* Base */,
			);
			name = LaunchScreen.storyboard;
			sourceTree = "<group>";
		};
		6EFBDABF26EF820200D04756 /* Result.storyboard */ = {
			isa = PBXVariantGroup;
			children = (
				6EFBDAC026EF820200D04756 /* Base */,
			);
			name = Result.storyboard;
			sourceTree = "<group>";
		};
		6EFBDAC926F2290700D04756 /* Settings.storyboard */ = {
			isa = PBXVariantGroup;
			children = (
				6EFBDACA26F2290700D04756 /* Base */,
			);
			name = Settings.storyboard;
			sourceTree = "<group>";
		};
/* End PBXVariantGroup section */

/* Begin XCBuildConfiguration section */
		6EFBD7BB26EC95C800D04756 /* Debug */ = {
			isa = XCBuildConfiguration;
			buildSettings = {
				ALWAYS_SEARCH_USER_PATHS = NO;
				CLANG_ANALYZER_NONNULL = YES;
				CLANG_ANALYZER_NUMBER_OBJECT_CONVERSION = YES_AGGRESSIVE;
				CLANG_CXX_LANGUAGE_STANDARD = "gnu++14";
				CLANG_CXX_LIBRARY = "libc++";
				CLANG_ENABLE_MODULES = YES;
				CLANG_ENABLE_OBJC_ARC = YES;
				CLANG_ENABLE_OBJC_WEAK = YES;
				CLANG_WARN_BLOCK_CAPTURE_AUTORELEASING = YES;
				CLANG_WARN_BOOL_CONVERSION = YES;
				CLANG_WARN_COMMA = YES;
				CLANG_WARN_CONSTANT_CONVERSION = YES;
				CLANG_WARN_DEPRECATED_OBJC_IMPLEMENTATIONS = YES;
				CLANG_WARN_DIRECT_OBJC_ISA_USAGE = YES_ERROR;
				CLANG_WARN_DOCUMENTATION_COMMENTS = YES;
				CLANG_WARN_EMPTY_BODY = YES;
				CLANG_WARN_ENUM_CONVERSION = YES;
				CLANG_WARN_INFINITE_RECURSION = YES;
				CLANG_WARN_INT_CONVERSION = YES;
				CLANG_WARN_NON_LITERAL_NULL_CONVERSION = YES;
				CLANG_WARN_OBJC_IMPLICIT_RETAIN_SELF = YES;
				CLANG_WARN_OBJC_LITERAL_CONVERSION = YES;
				CLANG_WARN_OBJC_ROOT_CLASS = YES_ERROR;
				CLANG_WARN_QUOTED_INCLUDE_IN_FRAMEWORK_HEADER = YES;
				CLANG_WARN_RANGE_LOOP_ANALYSIS = YES;
				CLANG_WARN_STRICT_PROTOTYPES = YES;
				CLANG_WARN_SUSPICIOUS_MOVE = YES;
				CLANG_WARN_UNGUARDED_AVAILABILITY = YES_AGGRESSIVE;
				CLANG_WARN_UNREACHABLE_CODE = YES;
				CLANG_WARN__DUPLICATE_METHOD_MATCH = YES;
				COPY_PHASE_STRIP = NO;
				DEBUG_INFORMATION_FORMAT = dwarf;
				ENABLE_STRICT_OBJC_MSGSEND = YES;
				ENABLE_TESTABILITY = YES;
				GCC_C_LANGUAGE_STANDARD = gnu11;
				GCC_DYNAMIC_NO_PIC = NO;
				GCC_NO_COMMON_BLOCKS = YES;
				GCC_OPTIMIZATION_LEVEL = 0;
				GCC_PREPROCESSOR_DEFINITIONS = (
					"DEBUG=1",
					"$(inherited)",
				);
				GCC_WARN_64_TO_32_BIT_CONVERSION = YES;
				GCC_WARN_ABOUT_RETURN_TYPE = YES_ERROR;
				GCC_WARN_UNDECLARED_SELECTOR = YES;
				GCC_WARN_UNINITIALIZED_AUTOS = YES_AGGRESSIVE;
				GCC_WARN_UNUSED_FUNCTION = YES;
				GCC_WARN_UNUSED_VARIABLE = YES;
				IPHONEOS_DEPLOYMENT_TARGET = 14.5;
				MTL_ENABLE_DEBUG_INFO = INCLUDE_SOURCE;
				MTL_FAST_MATH = YES;
				ONLY_ACTIVE_ARCH = YES;
				SDKROOT = iphoneos;
				SWIFT_ACTIVE_COMPILATION_CONDITIONS = DEBUG;
				SWIFT_OPTIMIZATION_LEVEL = "-Onone";
			};
			name = Debug;
		};
		6EFBD7BC26EC95C800D04756 /* Release */ = {
			isa = XCBuildConfiguration;
			buildSettings = {
				ALWAYS_SEARCH_USER_PATHS = NO;
				CLANG_ANALYZER_NONNULL = YES;
				CLANG_ANALYZER_NUMBER_OBJECT_CONVERSION = YES_AGGRESSIVE;
				CLANG_CXX_LANGUAGE_STANDARD = "gnu++14";
				CLANG_CXX_LIBRARY = "libc++";
				CLANG_ENABLE_MODULES = YES;
				CLANG_ENABLE_OBJC_ARC = YES;
				CLANG_ENABLE_OBJC_WEAK = YES;
				CLANG_WARN_BLOCK_CAPTURE_AUTORELEASING = YES;
				CLANG_WARN_BOOL_CONVERSION = YES;
				CLANG_WARN_COMMA = YES;
				CLANG_WARN_CONSTANT_CONVERSION = YES;
				CLANG_WARN_DEPRECATED_OBJC_IMPLEMENTATIONS = YES;
				CLANG_WARN_DIRECT_OBJC_ISA_USAGE = YES_ERROR;
				CLANG_WARN_DOCUMENTATION_COMMENTS = YES;
				CLANG_WARN_EMPTY_BODY = YES;
				CLANG_WARN_ENUM_CONVERSION = YES;
				CLANG_WARN_INFINITE_RECURSION = YES;
				CLANG_WARN_INT_CONVERSION = YES;
				CLANG_WARN_NON_LITERAL_NULL_CONVERSION = YES;
				CLANG_WARN_OBJC_IMPLICIT_RETAIN_SELF = YES;
				CLANG_WARN_OBJC_LITERAL_CONVERSION = YES;
				CLANG_WARN_OBJC_ROOT_CLASS = YES_ERROR;
				CLANG_WARN_QUOTED_INCLUDE_IN_FRAMEWORK_HEADER = YES;
				CLANG_WARN_RANGE_LOOP_ANALYSIS = YES;
				CLANG_WARN_STRICT_PROTOTYPES = YES;
				CLANG_WARN_SUSPICIOUS_MOVE = YES;
				CLANG_WARN_UNGUARDED_AVAILABILITY = YES_AGGRESSIVE;
				CLANG_WARN_UNREACHABLE_CODE = YES;
				CLANG_WARN__DUPLICATE_METHOD_MATCH = YES;
				COPY_PHASE_STRIP = NO;
				DEBUG_INFORMATION_FORMAT = "dwarf-with-dsym";
				ENABLE_NS_ASSERTIONS = NO;
				ENABLE_STRICT_OBJC_MSGSEND = YES;
				GCC_C_LANGUAGE_STANDARD = gnu11;
				GCC_NO_COMMON_BLOCKS = YES;
				GCC_WARN_64_TO_32_BIT_CONVERSION = YES;
				GCC_WARN_ABOUT_RETURN_TYPE = YES_ERROR;
				GCC_WARN_UNDECLARED_SELECTOR = YES;
				GCC_WARN_UNINITIALIZED_AUTOS = YES_AGGRESSIVE;
				GCC_WARN_UNUSED_FUNCTION = YES;
				GCC_WARN_UNUSED_VARIABLE = YES;
				IPHONEOS_DEPLOYMENT_TARGET = 14.5;
				MTL_ENABLE_DEBUG_INFO = NO;
				MTL_FAST_MATH = YES;
				SDKROOT = iphoneos;
				SWIFT_COMPILATION_MODE = wholemodule;
				SWIFT_OPTIMIZATION_LEVEL = "-O";
				VALIDATE_PRODUCT = YES;
			};
			name = Release;
		};
		6EFBD7BE26EC95C800D04756 /* Debug */ = {
			isa = XCBuildConfiguration;
			buildSettings = {
				ASSETCATALOG_COMPILER_APPICON_NAME = AppIcon;
				ASSETCATALOG_COMPILER_GLOBAL_ACCENT_COLOR_NAME = AccentColor;
				CODE_SIGN_STYLE = Automatic;
				INFOPLIST_FILE = GuessCityApp/App/Info.plist;
				LD_RUNPATH_SEARCH_PATHS = (
					"$(inherited)",
					"@executable_path/Frameworks",
				);
				PRODUCT_BUNDLE_IDENTIFIER = SwiftBookHomework.GuessCityApp;
				PRODUCT_NAME = "$(TARGET_NAME)";
				SWIFT_VERSION = 5.0;
				TARGETED_DEVICE_FAMILY = 1;
			};
			name = Debug;
		};
		6EFBD7BF26EC95C800D04756 /* Release */ = {
			isa = XCBuildConfiguration;
			buildSettings = {
				ASSETCATALOG_COMPILER_APPICON_NAME = AppIcon;
				ASSETCATALOG_COMPILER_GLOBAL_ACCENT_COLOR_NAME = AccentColor;
				CODE_SIGN_STYLE = Automatic;
				INFOPLIST_FILE = GuessCityApp/App/Info.plist;
				LD_RUNPATH_SEARCH_PATHS = (
					"$(inherited)",
					"@executable_path/Frameworks",
				);
				PRODUCT_BUNDLE_IDENTIFIER = SwiftBookHomework.GuessCityApp;
				PRODUCT_NAME = "$(TARGET_NAME)";
				SWIFT_VERSION = 5.0;
				TARGETED_DEVICE_FAMILY = 1;
			};
			name = Release;
		};
/* End XCBuildConfiguration section */

/* Begin XCConfigurationList section */
		6EFBD7A426EC95C700D04756 /* Build configuration list for PBXProject "GuessCityApp" */ = {
			isa = XCConfigurationList;
			buildConfigurations = (
				6EFBD7BB26EC95C800D04756 /* Debug */,
				6EFBD7BC26EC95C800D04756 /* Release */,
			);
			defaultConfigurationIsVisible = 0;
			defaultConfigurationName = Release;
		};
		6EFBD7BD26EC95C800D04756 /* Build configuration list for PBXNativeTarget "GuessCityApp" */ = {
			isa = XCConfigurationList;
			buildConfigurations = (
				6EFBD7BE26EC95C800D04756 /* Debug */,
				6EFBD7BF26EC95C800D04756 /* Release */,
			);
			defaultConfigurationIsVisible = 0;
			defaultConfigurationName = Release;
		};
/* End XCConfigurationList section */
	};
	rootObject = 6EFBD7A126EC95C700D04756 /* Project object */;
}
